
Microsoft Visual Studio Solution File, Format Version 12.00
# Visual Studio Version 17
VisualStudioVersion = 17.7.34031.279
MinimumVisualStudioVersion = 10.0.40219.1
Project("{FAE04EC0-301F-11D3-BF4B-00C04F79EFBC}") = "EntityFramework-InMemory-Example", "EntityFramework-InMemory-Example\EntityFramework-InMemory-Example.csproj", "{2FA61580-4835-4B37-81A6-9B21ECAC1935}"
EndProject
Project("{FAE04EC0-301F-11D3-BF4B-00C04F79EFBC}") = "EntityFramework", "EntityFramework\EntityFramework.csproj", "{5F3979DB-6FC7-4409-8A56-5C161FF19AA0}"
EndProject
Global
	GlobalSection(SolutionConfigurationPlatforms) = preSolution
		Debug|Any CPU = Debug|Any CPU
		Release|Any CPU = Release|Any CPU
	EndGlobalSection
	GlobalSection(ProjectConfigurationPlatforms) = postSolution
		{2FA61580-4835-4B37-81A6-9B21ECAC1935}.Debug|Any CPU.ActiveCfg = Debug|Any CPU
		{2FA61580-4835-4B37-81A6-9B21ECAC1935}.Debug|Any CPU.Build.0 = Debug|Any CPU
		{2FA61580-4835-4B37-81A6-9B21ECAC1935}.Release|Any CPU.ActiveCfg = Release|Any CPU
		{2FA61580-4835-4B37-81A6-9B21ECAC1935}.Release|Any CPU.Build.0 = Release|Any CPU
		{5F3979DB-6FC7-4409-8A56-5C161FF19AA0}.Debug|Any CPU.ActiveCfg = Debug|Any CPU
		{5F3979DB-6FC7-4409-8A56-5C161FF19AA0}.Debug|Any CPU.Build.0 = Debug|Any CPU
		{5F3979DB-6FC7-4409-8A56-5C161FF19AA0}.Release|Any CPU.ActiveCfg = Release|Any CPU
		{5F3979DB-6FC7-4409-8A56-5C161FF19AA0}.Release|Any CPU.Build.0 = Release|Any CPU
	EndGlobalSection
	GlobalSection(SolutionProperties) = preSolution
		HideSolutionNode = FALSE
	EndGlobalSection
	GlobalSection(ExtensibilityGlobals) = postSolution
		SolutionGuid = {944E5DAB-0CCD-4060-9451-3A5E3671A9B7}
	EndGlobalSection
EndGlobal
